# This file is autogenerated, do not edit; changes may be undone by the next 'dep ensure'.


[[projects]]
  name = "git.apache.org/thrift.git"
  packages = ["lib/go/thrift"]
  revision = "b2a4d4ae21c789b689dd162deb819665567f481c"
  version = "0.10.0"

[[projects]]
  name = "github.com/Sirupsen/logrus"
  packages = ["."]
  revision = "f006c2ac4710855cf0f916dd6b77acf6b048dc6e"
  version = "v1.0.3"

[[projects]]
  name = "github.com/Workiva/frugal"
  packages = ["lib/go"]
  revision = "280aa8755809ed7576d3b116e2344c59fd00a051"
  version = "2.9.0"

[[projects]]
  branch = "master"
  name = "github.com/mattrobenolt/gocql"
  packages = ["uuid"]
  revision = "56c5a46b65eead93e1e53e983d1b2e7dbfde570d"

[[projects]]
  name = "github.com/nats-io/go-nats"
  packages = [".","encoders/builtin","util"]
  revision = "29f9728a183bf3fa7e809e14edac00b33be72088"
  version = "v1.3.0"

[[projects]]
  name = "github.com/nats-io/nuid"
  packages = ["."]
  revision = "289cccf02c178dc782430d534e3c1f5b72af807f"
  version = "v1.0.0"

[[projects]]
  name = "github.com/rs/cors"
  packages = ["."]
  revision = "7af7a1e09ba336d2ea14b1ce73bf693c6837dbf6"
  version = "v1.2"

[[projects]]
  branch = "master"
  name = "golang.org/x/crypto"
  packages = ["ssh/terminal"]
  revision = "81e90905daefcd6fd217b62423c0908922eadb30"

[[projects]]
  branch = "master"
  name = "golang.org/x/sys"
  packages = ["unix","windows"]
  revision = "bb24a47a89eac6c1227fbcb2ae37a8b9ed323366"

[solve-meta]
  analyzer-name = "dep"
  analyzer-version = 1
  inputs-digest = "9aeb4acc1db349c4809e96d0eabaf129f274a235932124e756a45dcea5f53ff8"
  solver-name = "gps-cdcl"
  solver-version = 1
